// !$*UTF8*$!
{
	archiveVersion = 1;
	classes = {
	};
	objectVersion = 46;
	objects = {

/* Begin PBXBuildFile section */
		2A0301821C21090D00A6B5AA /* RecordsWithCoreData.xcdatamodeld in Sources */ = {isa = PBXBuildFile; fileRef = 2A0301801C21090D00A6B5AA /* RecordsWithCoreData.xcdatamodeld */; };
		2A0301861C21A4A600A6B5AA /* RecordModel.swift in Sources */ = {isa = PBXBuildFile; fileRef = 2A0301851C21A4A600A6B5AA /* RecordModel.swift */; };
		2A15CD061C26F65600812CC7 /* ChartViewController.swift in Sources */ = {isa = PBXBuildFile; fileRef = 2A15CD051C26F65600812CC7 /* ChartViewController.swift */; };
		2A1747F81C1ED0D100007B31 /* OICupButton.swift in Sources */ = {isa = PBXBuildFile; fileRef = 2A1747F71C1ED0D100007B31 /* OICupButton.swift */; };
		2A2B85D61C16E52D0065EA8E /* RecordsViewController.swift in Sources */ = {isa = PBXBuildFile; fileRef = 2A2B85D51C16E52D0065EA8E /* RecordsViewController.swift */; };
		2A2B85D81C16E6A30065EA8E /* ModelController.swift in Sources */ = {isa = PBXBuildFile; fileRef = 2A2B85D71C16E6A30065EA8E /* ModelController.swift */; };
		2A2B85DF1C1739E30065EA8E /* OIViewAnimator.swift in Sources */ = {isa = PBXBuildFile; fileRef = 2A2B85DE1C1739E30065EA8E /* OIViewAnimator.swift */; };
		2A2BEBD11C098AF400D74C27 /* TransitioningDelegates.swift in Sources */ = {isa = PBXBuildFile; fileRef = 2A2BEBD01C098AF400D74C27 /* TransitioningDelegates.swift */; };
		2A2BEBD31C0990F300D74C27 /* CustomComponents.swift in Sources */ = {isa = PBXBuildFile; fileRef = 2A2BEBD21C0990F300D74C27 /* CustomComponents.swift */; };
		2A2BEBD91C0C2E2900D74C27 /* SettingsTableViewController.swift in Sources */ = {isa = PBXBuildFile; fileRef = 2A2BEBD81C0C2E2900D74C27 /* SettingsTableViewController.swift */; };
		2A2BEBDB1C0C7ECB00D74C27 /* DailyGoalTableViewController.swift in Sources */ = {isa = PBXBuildFile; fileRef = 2A2BEBDA1C0C7ECB00D74C27 /* DailyGoalTableViewController.swift */; };
		2A2BEBDF1C0D6FAF00D74C27 /* ShortcutCupTableViewController.swift in Sources */ = {isa = PBXBuildFile; fileRef = 2A2BEBDE1C0D6FAF00D74C27 /* ShortcutCupTableViewController.swift */; };
		2A2BEBE11C0D928200D74C27 /* Settings.plist in Resources */ = {isa = PBXBuildFile; fileRef = 2A2BEBE01C0D928200D74C27 /* Settings.plist */; };
		2A2BEBE31C0E8F5A00D74C27 /* ReminderNewViewController.swift in Sources */ = {isa = PBXBuildFile; fileRef = 2A2BEBE21C0E8F5A00D74C27 /* ReminderNewViewController.swift */; };
		2A6497ED1BF8BBB10077989E /* WaterVolumeViewController.swift in Sources */ = {isa = PBXBuildFile; fileRef = 2A6497EC1BF8BBB10077989E /* WaterVolumeViewController.swift */; };
		2A6CF9B81C127E26006D5801 /* StatisticViewController.swift in Sources */ = {isa = PBXBuildFile; fileRef = 2A6CF9B71C127E26006D5801 /* StatisticViewController.swift */; };
		2A6CF9C01C15DF81006D5801 /* OIClockView.swift in Sources */ = {isa = PBXBuildFile; fileRef = 2A6CF9BF1C15DF81006D5801 /* OIClockView.swift */; };
		2A6CF9C21C167392006D5801 /* OIBarChartView.swift in Sources */ = {isa = PBXBuildFile; fileRef = 2A6CF9C11C167392006D5801 /* OIBarChartView.swift */; };
		2A8574C11BD37467008B55EC /* AppDelegate.swift in Sources */ = {isa = PBXBuildFile; fileRef = 2A8574C01BD37467008B55EC /* AppDelegate.swift */; };
		2A8574C31BD37467008B55EC /* ViewController.swift in Sources */ = {isa = PBXBuildFile; fileRef = 2A8574C21BD37467008B55EC /* ViewController.swift */; };
		2A8574C61BD37467008B55EC /* Main.storyboard in Resources */ = {isa = PBXBuildFile; fileRef = 2A8574C41BD37467008B55EC /* Main.storyboard */; };
		2A8574C81BD37467008B55EC /* Assets.xcassets in Resources */ = {isa = PBXBuildFile; fileRef = 2A8574C71BD37467008B55EC /* Assets.xcassets */; };
		2A8574CB1BD37467008B55EC /* LaunchScreen.storyboard in Resources */ = {isa = PBXBuildFile; fileRef = 2A8574C91BD37467008B55EC /* LaunchScreen.storyboard */; };
		2A8574D61BD37467008B55EC /* WaterPlanTests.swift in Sources */ = {isa = PBXBuildFile; fileRef = 2A8574D51BD37467008B55EC /* WaterPlanTests.swift */; };
		2ABB6BF41BDA1F57003F7C9F /* ReminderTableViewCell.swift in Sources */ = {isa = PBXBuildFile; fileRef = 2ABB6BF31BDA1F57003F7C9F /* ReminderTableViewCell.swift */; };
		2ABB6BF81BDA2222003F7C9F /* ReminderTableViewController.swift in Sources */ = {isa = PBXBuildFile; fileRef = 2ABB6BF71BDA2222003F7C9F /* ReminderTableViewController.swift */; };
		2AEDAABE1BE72565005FF247 /* drinkedCell.swift in Sources */ = {isa = PBXBuildFile; fileRef = 2AEDAABD1BE72565005FF247 /* drinkedCell.swift */; };
		2AEDAAC01BE728EC005FF247 /* DrinkingViewController.swift in Sources */ = {isa = PBXBuildFile; fileRef = 2AEDAABF1BE728EC005FF247 /* DrinkingViewController.swift */; };
/* End PBXBuildFile section */

/* Begin PBXContainerItemProxy section */
		2A8574D21BD37467008B55EC /* PBXContainerItemProxy */ = {
			isa = PBXContainerItemProxy;
			containerPortal = 2A8574B51BD37466008B55EC /* Project object */;
			proxyType = 1;
			remoteGlobalIDString = 2A8574BC1BD37466008B55EC;
			remoteInfo = WaterPlan;
		};
/* End PBXContainerItemProxy section */

/* Begin PBXFileReference section */
		2A0301811C21090D00A6B5AA /* RecordsWithCoreData.xcdatamodel */ = {isa = PBXFileReference; lastKnownFileType = wrapper.xcdatamodel; path = RecordsWithCoreData.xcdatamodel; sourceTree = "<group>"; };
		2A0301851C21A4A600A6B5AA /* RecordModel.swift */ = {isa = PBXFileReference; fileEncoding = 4; lastKnownFileType = sourcecode.swift; path = RecordModel.swift; sourceTree = "<group>"; };
		2A15CD051C26F65600812CC7 /* ChartViewController.swift */ = {isa = PBXFileReference; fileEncoding = 4; lastKnownFileType = sourcecode.swift; path = ChartViewController.swift; sourceTree = "<group>"; };
		2A1747F71C1ED0D100007B31 /* OICupButton.swift */ = {isa = PBXFileReference; fileEncoding = 4; lastKnownFileType = sourcecode.swift; path = OICupButton.swift; sourceTree = "<group>"; };
		2A2B85D51C16E52D0065EA8E /* RecordsViewController.swift */ = {isa = PBXFileReference; fileEncoding = 4; lastKnownFileType = sourcecode.swift; path = RecordsViewController.swift; sourceTree = "<group>"; };
		2A2B85D71C16E6A30065EA8E /* ModelController.swift */ = {isa = PBXFileReference; fileEncoding = 4; lastKnownFileType = sourcecode.swift; path = ModelController.swift; sourceTree = "<group>"; };
		2A2B85DE1C1739E30065EA8E /* OIViewAnimator.swift */ = {isa = PBXFileReference; fileEncoding = 4; lastKnownFileType = sourcecode.swift; path = OIViewAnimator.swift; sourceTree = "<group>"; };
		2A2BEBD01C098AF400D74C27 /* TransitioningDelegates.swift */ = {isa = PBXFileReference; fileEncoding = 4; lastKnownFileType = sourcecode.swift; path = TransitioningDelegates.swift; sourceTree = "<group>"; };
		2A2BEBD21C0990F300D74C27 /* CustomComponents.swift */ = {isa = PBXFileReference; fileEncoding = 4; lastKnownFileType = sourcecode.swift; path = CustomComponents.swift; sourceTree = "<group>"; };
		2A2BEBD81C0C2E2900D74C27 /* SettingsTableViewController.swift */ = {isa = PBXFileReference; fileEncoding = 4; lastKnownFileType = sourcecode.swift; path = SettingsTableViewController.swift; sourceTree = "<group>"; };
		2A2BEBDA1C0C7ECB00D74C27 /* DailyGoalTableViewController.swift */ = {isa = PBXFileReference; fileEncoding = 4; lastKnownFileType = sourcecode.swift; path = DailyGoalTableViewController.swift; sourceTree = "<group>"; };
		2A2BEBDE1C0D6FAF00D74C27 /* ShortcutCupTableViewController.swift */ = {isa = PBXFileReference; fileEncoding = 4; lastKnownFileType = sourcecode.swift; path = ShortcutCupTableViewController.swift; sourceTree = "<group>"; };
		2A2BEBE01C0D928200D74C27 /* Settings.plist */ = {isa = PBXFileReference; fileEncoding = 4; lastKnownFileType = text.plist.xml; path = Settings.plist; sourceTree = "<group>"; };
		2A2BEBE21C0E8F5A00D74C27 /* ReminderNewViewController.swift */ = {isa = PBXFileReference; fileEncoding = 4; lastKnownFileType = sourcecode.swift; path = ReminderNewViewController.swift; sourceTree = "<group>"; };
		2A6497EC1BF8BBB10077989E /* WaterVolumeViewController.swift */ = {isa = PBXFileReference; fileEncoding = 4; lastKnownFileType = sourcecode.swift; path = WaterVolumeViewController.swift; sourceTree = "<group>"; };
		2A6CF9B71C127E26006D5801 /* StatisticViewController.swift */ = {isa = PBXFileReference; fileEncoding = 4; lastKnownFileType = sourcecode.swift; path = StatisticViewController.swift; sourceTree = "<group>"; };
		2A6CF9BF1C15DF81006D5801 /* OIClockView.swift */ = {isa = PBXFileReference; fileEncoding = 4; lastKnownFileType = sourcecode.swift; path = OIClockView.swift; sourceTree = "<group>"; };
		2A6CF9C11C167392006D5801 /* OIBarChartView.swift */ = {isa = PBXFileReference; fileEncoding = 4; lastKnownFileType = sourcecode.swift; path = OIBarChartView.swift; sourceTree = "<group>"; };
		2A8574BD1BD37467008B55EC /* WaterPlan.app */ = {isa = PBXFileReference; explicitFileType = wrapper.application; includeInIndex = 0; path = WaterPlan.app; sourceTree = BUILT_PRODUCTS_DIR; };
		2A8574C01BD37467008B55EC /* AppDelegate.swift */ = {isa = PBXFileReference; lastKnownFileType = sourcecode.swift; path = AppDelegate.swift; sourceTree = "<group>"; };
		2A8574C21BD37467008B55EC /* ViewController.swift */ = {isa = PBXFileReference; lastKnownFileType = sourcecode.swift; path = ViewController.swift; sourceTree = "<group>"; };
		2A8574C51BD37467008B55EC /* Base */ = {isa = PBXFileReference; lastKnownFileType = file.storyboard; name = Base; path = Base.lproj/Main.storyboard; sourceTree = "<group>"; };
		2A8574C71BD37467008B55EC /* Assets.xcassets */ = {isa = PBXFileReference; lastKnownFileType = folder.assetcatalog; path = Assets.xcassets; sourceTree = "<group>"; };
		2A8574CA1BD37467008B55EC /* Base */ = {isa = PBXFileReference; lastKnownFileType = file.storyboard; name = Base; path = Base.lproj/LaunchScreen.storyboard; sourceTree = "<group>"; };
		2A8574CC1BD37467008B55EC /* Info.plist */ = {isa = PBXFileReference; lastKnownFileType = text.plist.xml; path = Info.plist; sourceTree = "<group>"; };
		2A8574D11BD37467008B55EC /* WaterPlanTests.xctest */ = {isa = PBXFileReference; explicitFileType = wrapper.cfbundle; includeInIndex = 0; path = WaterPlanTests.xctest; sourceTree = BUILT_PRODUCTS_DIR; };
		2A8574D51BD37467008B55EC /* WaterPlanTests.swift */ = {isa = PBXFileReference; lastKnownFileType = sourcecode.swift; path = WaterPlanTests.swift; sourceTree = "<group>"; };
		2A8574D71BD37467008B55EC /* Info.plist */ = {isa = PBXFileReference; lastKnownFileType = text.plist.xml; path = Info.plist; sourceTree = "<group>"; };
		2ABB6BF31BDA1F57003F7C9F /* ReminderTableViewCell.swift */ = {isa = PBXFileReference; fileEncoding = 4; lastKnownFileType = sourcecode.swift; name = ReminderTableViewCell.swift; path = ../ReminderTableViewCell.swift; sourceTree = "<group>"; };
		2ABB6BF71BDA2222003F7C9F /* ReminderTableViewController.swift */ = {isa = PBXFileReference; fileEncoding = 4; lastKnownFileType = sourcecode.swift; name = ReminderTableViewController.swift; path = ../ReminderTableViewController.swift; sourceTree = "<group>"; };
		2AEDAABD1BE72565005FF247 /* drinkedCell.swift */ = {isa = PBXFileReference; fileEncoding = 4; lastKnownFileType = sourcecode.swift; path = drinkedCell.swift; sourceTree = "<group>"; };
		2AEDAABF1BE728EC005FF247 /* DrinkingViewController.swift */ = {isa = PBXFileReference; fileEncoding = 4; lastKnownFileType = sourcecode.swift; path = DrinkingViewController.swift; sourceTree = "<group>"; };
/* End PBXFileReference section */

/* Begin PBXFrameworksBuildPhase section */
		2A8574BA1BD37466008B55EC /* Frameworks */ = {
			isa = PBXFrameworksBuildPhase;
			buildActionMask = 2147483647;
			files = (
			);
			runOnlyForDeploymentPostprocessing = 0;
		};
		2A8574CE1BD37467008B55EC /* Frameworks */ = {
			isa = PBXFrameworksBuildPhase;
			buildActionMask = 2147483647;
			files = (
			);
			runOnlyForDeploymentPostprocessing = 0;
		};
/* End PBXFrameworksBuildPhase section */

/* Begin PBXGroup section */
		2A15CD011C26F2C500812CC7 /* Drink */ = {
			isa = PBXGroup;
			children = (
				2AEDAABF1BE728EC005FF247 /* DrinkingViewController.swift */,
				2A6497EC1BF8BBB10077989E /* WaterVolumeViewController.swift */,
				2A2BEBD21C0990F300D74C27 /* CustomComponents.swift */,
				2A1747F71C1ED0D100007B31 /* OICupButton.swift */,
				2AEDAABD1BE72565005FF247 /* drinkedCell.swift */,
			);
			name = Drink;
			sourceTree = "<group>";
		};
		2A15CD021C26F30200812CC7 /* Settings */ = {
			isa = PBXGroup;
			children = (
				2ABB6BF31BDA1F57003F7C9F /* ReminderTableViewCell.swift */,
				2ABB6BF71BDA2222003F7C9F /* ReminderTableViewController.swift */,
				2A2BEBD81C0C2E2900D74C27 /* SettingsTableViewController.swift */,
				2A2BEBE21C0E8F5A00D74C27 /* ReminderNewViewController.swift */,
				2A2BEBDA1C0C7ECB00D74C27 /* DailyGoalTableViewController.swift */,
				2A2BEBDE1C0D6FAF00D74C27 /* ShortcutCupTableViewController.swift */,
			);
			name = Settings;
			sourceTree = "<group>";
		};
		2A15CD031C26F3EE00812CC7 /* Statistic */ = {
			isa = PBXGroup;
			children = (
				2A15CD051C26F65600812CC7 /* ChartViewController.swift */,
				2A6CF9B71C127E26006D5801 /* StatisticViewController.swift */,
				2A6CF9C11C167392006D5801 /* OIBarChartView.swift */,
				2A6CF9BF1C15DF81006D5801 /* OIClockView.swift */,
				2A2B85DE1C1739E30065EA8E /* OIViewAnimator.swift */,
			);
			name = Statistic;
			sourceTree = "<group>";
		};
		2A15CD041C26F4B200812CC7 /* Model */ = {
			isa = PBXGroup;
			children = (
				2A0301801C21090D00A6B5AA /* RecordsWithCoreData.xcdatamodeld */,
				2A0301851C21A4A600A6B5AA /* RecordModel.swift */,
			);
			name = Model;
			sourceTree = "<group>";
		};
		2A8574B41BD37466008B55EC = {
			isa = PBXGroup;
			children = (
				2A2B85D51C16E52D0065EA8E /* RecordsViewController.swift */,
				2A2B85D71C16E6A30065EA8E /* ModelController.swift */,
				2A8574BF1BD37467008B55EC /* WaterPlan */,
				2A8574D41BD37467008B55EC /* WaterPlanTests */,
				2A8574BE1BD37467008B55EC /* Products */,
			);
			sourceTree = "<group>";
		};
		2A8574BE1BD37467008B55EC /* Products */ = {
			isa = PBXGroup;
			children = (
				2A8574BD1BD37467008B55EC /* WaterPlan.app */,
				2A8574D11BD37467008B55EC /* WaterPlanTests.xctest */,
			);
			name = Products;
			sourceTree = "<group>";
		};
		2A8574BF1BD37467008B55EC /* WaterPlan */ = {
			isa = PBXGroup;
			children = (
				2A8574C01BD37467008B55EC /* AppDelegate.swift */,
				2A8574C41BD37467008B55EC /* Main.storyboard */,
				2A2BEBD01C098AF400D74C27 /* TransitioningDelegates.swift */,
				2A15CD011C26F2C500812CC7 /* Drink */,
				2A15CD031C26F3EE00812CC7 /* Statistic */,
				2A15CD021C26F30200812CC7 /* Settings */,
				2A15CD041C26F4B200812CC7 /* Model */,
				2A8574C21BD37467008B55EC /* ViewController.swift */,
				2A8574C71BD37467008B55EC /* Assets.xcassets */,
				2A8574C91BD37467008B55EC /* LaunchScreen.storyboard */,
				2A8574CC1BD37467008B55EC /* Info.plist */,
				2A2BEBE01C0D928200D74C27 /* Settings.plist */,
			);
			path = WaterPlan;
			sourceTree = "<group>";
		};
		2A8574D41BD37467008B55EC /* WaterPlanTests */ = {
			isa = PBXGroup;
			children = (
				2A8574D51BD37467008B55EC /* WaterPlanTests.swift */,
				2A8574D71BD37467008B55EC /* Info.plist */,
			);
			path = WaterPlanTests;
			sourceTree = "<group>";
		};
/* End PBXGroup section */

/* Begin PBXNativeTarget section */
		2A8574BC1BD37466008B55EC /* WaterPlan */ = {
			isa = PBXNativeTarget;
			buildConfigurationList = 2A8574DA1BD37467008B55EC /* Build configuration list for PBXNativeTarget "WaterPlan" */;
			buildPhases = (
				2A8574B91BD37466008B55EC /* Sources */,
				2A8574BA1BD37466008B55EC /* Frameworks */,
				2A8574BB1BD37466008B55EC /* Resources */,
			);
			buildRules = (
			);
			dependencies = (
			);
			name = WaterPlan;
			productName = WaterPlan;
			productReference = 2A8574BD1BD37467008B55EC /* WaterPlan.app */;
			productType = "com.apple.product-type.application";
		};
		2A8574D01BD37467008B55EC /* WaterPlanTests */ = {
			isa = PBXNativeTarget;
			buildConfigurationList = 2A8574DD1BD37467008B55EC /* Build configuration list for PBXNativeTarget "WaterPlanTests" */;
			buildPhases = (
				2A8574CD1BD37467008B55EC /* Sources */,
				2A8574CE1BD37467008B55EC /* Frameworks */,
				2A8574CF1BD37467008B55EC /* Resources */,
			);
			buildRules = (
			);
			dependencies = (
				2A8574D31BD37467008B55EC /* PBXTargetDependency */,
			);
			name = WaterPlanTests;
			productName = WaterPlanTests;
			productReference = 2A8574D11BD37467008B55EC /* WaterPlanTests.xctest */;
			productType = "com.apple.product-type.bundle.unit-test";
		};
/* End PBXNativeTarget section */

/* Begin PBXProject section */
		2A8574B51BD37466008B55EC /* Project object */ = {
			isa = PBXProject;
			attributes = {
				LastUpgradeCheck = 1000;
				ORGANIZATIONNAME = OITown;
				TargetAttributes = {
					2A8574BC1BD37466008B55EC = {
						CreatedOnToolsVersion = 7.0.1;
						DevelopmentTeam = 3RD23MG297;
						LastSwiftMigration = 1000;
					};
					2A8574D01BD37467008B55EC = {
						CreatedOnToolsVersion = 7.0.1;
						DevelopmentTeam = 3RD23MG297;
						LastSwiftMigration = 1000;
						TestTargetID = 2A8574BC1BD37466008B55EC;
					};
				};
			};
			buildConfigurationList = 2A8574B81BD37466008B55EC /* Build configuration list for PBXProject "WaterPlan" */;
			compatibilityVersion = "Xcode 3.2";
			developmentRegion = English;
			hasScannedForEncodings = 0;
			knownRegions = (
				en,
				Base,
			);
			mainGroup = 2A8574B41BD37466008B55EC;
			productRefGroup = 2A8574BE1BD37467008B55EC /* Products */;
			projectDirPath = "";
			projectRoot = "";
			targets = (
				2A8574BC1BD37466008B55EC /* WaterPlan */,
				2A8574D01BD37467008B55EC /* WaterPlanTests */,
			);
		};
/* End PBXProject section */

/* Begin PBXResourcesBuildPhase section */
		2A8574BB1BD37466008B55EC /* Resources */ = {
			isa = PBXResourcesBuildPhase;
			buildActionMask = 2147483647;
			files = (
				2A8574CB1BD37467008B55EC /* LaunchScreen.storyboard in Resources */,
				2A2BEBE11C0D928200D74C27 /* Settings.plist in Resources */,
				2A8574C81BD37467008B55EC /* Assets.xcassets in Resources */,
				2A8574C61BD37467008B55EC /* Main.storyboard in Resources */,
			);
			runOnlyForDeploymentPostprocessing = 0;
		};
		2A8574CF1BD37467008B55EC /* Resources */ = {
			isa = PBXResourcesBuildPhase;
			buildActionMask = 2147483647;
			files = (
			);
			runOnlyForDeploymentPostprocessing = 0;
		};
/* End PBXResourcesBuildPhase section */

/* Begin PBXSourcesBuildPhase section */
		2A8574B91BD37466008B55EC /* Sources */ = {
			isa = PBXSourcesBuildPhase;
			buildActionMask = 2147483647;
			files = (
				2AEDAAC01BE728EC005FF247 /* DrinkingViewController.swift in Sources */,
				2A15CD061C26F65600812CC7 /* ChartViewController.swift in Sources */,
				2A2BEBD91C0C2E2900D74C27 /* SettingsTableViewController.swift in Sources */,
				2A2BEBDF1C0D6FAF00D74C27 /* ShortcutCupTableViewController.swift in Sources */,
				2A0301861C21A4A600A6B5AA /* RecordModel.swift in Sources */,
				2A6CF9C21C167392006D5801 /* OIBarChartView.swift in Sources */,
				2A1747F81C1ED0D100007B31 /* OICupButton.swift in Sources */,
				2A8574C31BD37467008B55EC /* ViewController.swift in Sources */,
				2A2B85DF1C1739E30065EA8E /* OIViewAnimator.swift in Sources */,
				2AEDAABE1BE72565005FF247 /* drinkedCell.swift in Sources */,
				2A8574C11BD37467008B55EC /* AppDelegate.swift in Sources */,
				2A2BEBD31C0990F300D74C27 /* CustomComponents.swift in Sources */,
				2A2BEBDB1C0C7ECB00D74C27 /* DailyGoalTableViewController.swift in Sources */,
				2ABB6BF41BDA1F57003F7C9F /* ReminderTableViewCell.swift in Sources */,
				2A2BEBE31C0E8F5A00D74C27 /* ReminderNewViewController.swift in Sources */,
				2A6497ED1BF8BBB10077989E /* WaterVolumeViewController.swift in Sources */,
				2A0301821C21090D00A6B5AA /* RecordsWithCoreData.xcdatamodeld in Sources */,
				2A2B85D81C16E6A30065EA8E /* ModelController.swift in Sources */,
				2ABB6BF81BDA2222003F7C9F /* ReminderTableViewController.swift in Sources */,
				2A6CF9B81C127E26006D5801 /* StatisticViewController.swift in Sources */,
				2A2BEBD11C098AF400D74C27 /* TransitioningDelegates.swift in Sources */,
				2A6CF9C01C15DF81006D5801 /* OIClockView.swift in Sources */,
				2A2B85D61C16E52D0065EA8E /* RecordsViewController.swift in Sources */,
			);
			runOnlyForDeploymentPostprocessing = 0;
		};
		2A8574CD1BD37467008B55EC /* Sources */ = {
			isa = PBXSourcesBuildPhase;
			buildActionMask = 2147483647;
			files = (
				2A8574D61BD37467008B55EC /* WaterPlanTests.swift in Sources */,
			);
			runOnlyForDeploymentPostprocessing = 0;
		};
/* End PBXSourcesBuildPhase section */

/* Begin PBXTargetDependency section */
		2A8574D31BD37467008B55EC /* PBXTargetDependency */ = {
			isa = PBXTargetDependency;
			target = 2A8574BC1BD37466008B55EC /* WaterPlan */;
			targetProxy = 2A8574D21BD37467008B55EC /* PBXContainerItemProxy */;
		};
/* End PBXTargetDependency section */

/* Begin PBXVariantGroup section */
		2A8574C41BD37467008B55EC /* Main.storyboard */ = {
			isa = PBXVariantGroup;
			children = (
				2A8574C51BD37467008B55EC /* Base */,
			);
			name = Main.storyboard;
			sourceTree = "<group>";
		};
		2A8574C91BD37467008B55EC /* LaunchScreen.storyboard */ = {
			isa = PBXVariantGroup;
			children = (
				2A8574CA1BD37467008B55EC /* Base */,
			);
			name = LaunchScreen.storyboard;
			sourceTree = "<group>";
		};
/* End PBXVariantGroup section */

/* Begin XCBuildConfiguration section */
		2A8574D81BD37467008B55EC /* Debug */ = {
			isa = XCBuildConfiguration;
			buildSettings = {
				ALWAYS_SEARCH_USER_PATHS = NO;
				CLANG_CXX_LANGUAGE_STANDARD = "gnu++0x";
				CLANG_CXX_LIBRARY = "libc++";
				CLANG_ENABLE_MODULES = YES;
				CLANG_ENABLE_OBJC_ARC = YES;
				CLANG_WARN_BLOCK_CAPTURE_AUTORELEASING = YES;
				CLANG_WARN_BOOL_CONVERSION = YES;
				CLANG_WARN_COMMA = YES;
				CLANG_WARN_CONSTANT_CONVERSION = YES;
				CLANG_WARN_DEPRECATED_OBJC_IMPLEMENTATIONS = YES;
				CLANG_WARN_DIRECT_OBJC_ISA_USAGE = YES_ERROR;
				CLANG_WARN_EMPTY_BODY = YES;
				CLANG_WARN_ENUM_CONVERSION = YES;
				CLANG_WARN_INFINITE_RECURSION = YES;
				CLANG_WARN_INT_CONVERSION = YES;
				CLANG_WARN_NON_LITERAL_NULL_CONVERSION = YES;
				CLANG_WARN_OBJC_IMPLICIT_RETAIN_SELF = YES;
				CLANG_WARN_OBJC_LITERAL_CONVERSION = YES;
				CLANG_WARN_OBJC_ROOT_CLASS = YES_ERROR;
				CLANG_WARN_RANGE_LOOP_ANALYSIS = YES;
				CLANG_WARN_STRICT_PROTOTYPES = YES;
				CLANG_WARN_SUSPICIOUS_MOVE = YES;
				CLANG_WARN_UNREACHABLE_CODE = YES;
				CLANG_WARN__DUPLICATE_METHOD_MATCH = YES;
				"CODE_SIGN_IDENTITY[sdk=iphoneos*]" = "iPhone Developer";
				COPY_PHASE_STRIP = NO;
				DEBUG_INFORMATION_FORMAT = dwarf;
				ENABLE_STRICT_OBJC_MSGSEND = YES;
				ENABLE_TESTABILITY = YES;
				GCC_C_LANGUAGE_STANDARD = gnu99;
				GCC_DYNAMIC_NO_PIC = NO;
				GCC_NO_COMMON_BLOCKS = YES;
				GCC_OPTIMIZATION_LEVEL = 0;
				GCC_PREPROCESSOR_DEFINITIONS = (
					"DEBUG=1",
					"$(inherited)",
				);
				GCC_WARN_64_TO_32_BIT_CONVERSION = YES;
				GCC_WARN_ABOUT_RETURN_TYPE = YES_ERROR;
				GCC_WARN_UNDECLARED_SELECTOR = YES;
				GCC_WARN_UNINITIALIZED_AUTOS = YES_AGGRESSIVE;
				GCC_WARN_UNUSED_FUNCTION = YES;
				GCC_WARN_UNUSED_VARIABLE = YES;
				IPHONEOS_DEPLOYMENT_TARGET = 9.0;
				MTL_ENABLE_DEBUG_INFO = YES;
				ONLY_ACTIVE_ARCH = YES;
				SDKROOT = iphoneos;
				SWIFT_OPTIMIZATION_LEVEL = "-Onone";
				TARGETED_DEVICE_FAMILY = "1,2";
			};
			name = Debug;
		};
		2A8574D91BD37467008B55EC /* Release */ = {
			isa = XCBuildConfiguration;
			buildSettings = {
				ALWAYS_SEARCH_USER_PATHS = NO;
				CLANG_CXX_LANGUAGE_STANDARD = "gnu++0x";
				CLANG_CXX_LIBRARY = "libc++";
				CLANG_ENABLE_MODULES = YES;
				CLANG_ENABLE_OBJC_ARC = YES;
				CLANG_WARN_BLOCK_CAPTURE_AUTORELEASING = YES;
				CLANG_WARN_BOOL_CONVERSION = YES;
				CLANG_WARN_COMMA = YES;
				CLANG_WARN_CONSTANT_CONVERSION = YES;
				CLANG_WARN_DEPRECATED_OBJC_IMPLEMENTATIONS = YES;
				CLANG_WARN_DIRECT_OBJC_ISA_USAGE = YES_ERROR;
				CLANG_WARN_EMPTY_BODY = YES;
				CLANG_WARN_ENUM_CONVERSION = YES;
				CLANG_WARN_INFINITE_RECURSION = YES;
				CLANG_WARN_INT_CONVERSION = YES;
				CLANG_WARN_NON_LITERAL_NULL_CONVERSION = YES;
				CLANG_WARN_OBJC_IMPLICIT_RETAIN_SELF = YES;
				CLANG_WARN_OBJC_LITERAL_CONVERSION = YES;
				CLANG_WARN_OBJC_ROOT_CLASS = YES_ERROR;
				CLANG_WARN_RANGE_LOOP_ANALYSIS = YES;
				CLANG_WARN_STRICT_PROTOTYPES = YES;
				CLANG_WARN_SUSPICIOUS_MOVE = YES;
				CLANG_WARN_UNREACHABLE_CODE = YES;
				CLANG_WARN__DUPLICATE_METHOD_MATCH = YES;
				"CODE_SIGN_IDENTITY[sdk=iphoneos*]" = "iPhone Developer";
				COPY_PHASE_STRIP = NO;
				DEBUG_INFORMATION_FORMAT = "dwarf-with-dsym";
				ENABLE_NS_ASSERTIONS = NO;
				ENABLE_STRICT_OBJC_MSGSEND = YES;
				GCC_C_LANGUAGE_STANDARD = gnu99;
				GCC_NO_COMMON_BLOCKS = YES;
				GCC_WARN_64_TO_32_BIT_CONVERSION = YES;
				GCC_WARN_ABOUT_RETURN_TYPE = YES_ERROR;
				GCC_WARN_UNDECLARED_SELECTOR = YES;
				GCC_WARN_UNINITIALIZED_AUTOS = YES_AGGRESSIVE;
				GCC_WARN_UNUSED_FUNCTION = YES;
				GCC_WARN_UNUSED_VARIABLE = YES;
				IPHONEOS_DEPLOYMENT_TARGET = 9.0;
				MTL_ENABLE_DEBUG_INFO = NO;
				SDKROOT = iphoneos;
				SWIFT_OPTIMIZATION_LEVEL = "-Owholemodule";
				TARGETED_DEVICE_FAMILY = "1,2";
				VALIDATE_PRODUCT = YES;
			};
			name = Release;
		};
		2A8574DB1BD37467008B55EC /* Debug */ = {
			isa = XCBuildConfiguration;
			buildSettings = {
				ASSETCATALOG_COMPILER_APPICON_NAME = AppIcon;
				INFOPLIST_FILE = WaterPlan/Info.plist;
				LD_RUNPATH_SEARCH_PATHS = "$(inherited) @executable_path/Frameworks";
				PRODUCT_BUNDLE_IDENTIFIER = OITown.WaterPlan;
				PRODUCT_NAME = "$(TARGET_NAME)";
				SWIFT_SWIFT3_OBJC_INFERENCE = Default;
				SWIFT_VERSION = 4.2;
			};
			name = Debug;
		};
		2A8574DC1BD37467008B55EC /* Release */ = {
			isa = XCBuildConfiguration;
			buildSettings = {
				ASSETCATALOG_COMPILER_APPICON_NAME = AppIcon;
				INFOPLIST_FILE = WaterPlan/Info.plist;
				LD_RUNPATH_SEARCH_PATHS = "$(inherited) @executable_path/Frameworks";
				PRODUCT_BUNDLE_IDENTIFIER = OITown.WaterPlan;
				PRODUCT_NAME = "$(TARGET_NAME)";
				SWIFT_SWIFT3_OBJC_INFERENCE = Default;
				SWIFT_VERSION = 4.2;
			};
			name = Release;
		};
		2A8574DE1BD37467008B55EC /* Debug */ = {
			isa = XCBuildConfiguration;
			buildSettings = {
				BUNDLE_LOADER = "$(TEST_HOST)";
				INFOPLIST_FILE = WaterPlanTests/Info.plist;
				LD_RUNPATH_SEARCH_PATHS = "$(inherited) @executable_path/Frameworks @loader_path/Frameworks";
				PRODUCT_BUNDLE_IDENTIFIER = OITown.WaterPlanTests;
				PRODUCT_NAME = "$(TARGET_NAME)";
				SWIFT_SWIFT3_OBJC_INFERENCE = On;
				SWIFT_VERSION = 4.2;
				TEST_HOST = "$(BUILT_PRODUCTS_DIR)/WaterPlan.app/WaterPlan";
			};
			name = Debug;
		};
		2A8574DF1BD37467008B55EC /* Release */ = {
			isa = XCBuildConfiguration;
			buildSettings = {
				BUNDLE_LOADER = "$(TEST_HOST)";
				INFOPLIST_FILE = WaterPlanTests/Info.plist;
				LD_RUNPATH_SEARCH_PATHS = "$(inherited) @executable_path/Frameworks @loader_path/Frameworks";
				PRODUCT_BUNDLE_IDENTIFIER = OITown.WaterPlanTests;
				PRODUCT_NAME = "$(TARGET_NAME)";
				SWIFT_SWIFT3_OBJC_INFERENCE = On;
				SWIFT_VERSION = 4.2;
				TEST_HOST = "$(BUILT_PRODUCTS_DIR)/WaterPlan.app/WaterPlan";
			};
			name = Release;
		};
/* End XCBuildConfiguration section */

/* Begin XCConfigurationList section */
		2A8574B81BD37466008B55EC /* Build configuration list for PBXProject "WaterPlan" */ = {
			isa = XCConfigurationList;
			buildConfigurations = (
				2A8574D81BD37467008B55EC /* Debug */,
				2A8574D91BD37467008B55EC /* Release */,
			);
			defaultConfigurationIsVisible = 0;
			defaultConfigurationName = Release;
		};
		2A8574DA1BD37467008B55EC /* Build configuration list for PBXNativeTarget "WaterPlan" */ = {
			isa = XCConfigurationList;
			buildConfigurations = (
				2A8574DB1BD37467008B55EC /* Debug */,
				2A8574DC1BD37467008B55EC /* Release */,
			);
			defaultConfigurationIsVisible = 0;
			defaultConfigurationName = Release;
		};
		2A8574DD1BD37467008B55EC /* Build configuration list for PBXNativeTarget "WaterPlanTests" */ = {
			isa = XCConfigurationList;
			buildConfigurations = (
				2A8574DE1BD37467008B55EC /* Debug */,
				2A8574DF1BD37467008B55EC /* Release */,
			);
			defaultConfigurationIsVisible = 0;
			defaultConfigurationName = Release;
		};
/* End XCConfigurationList section */

/* Begin XCVersionGroup section */
		2A0301801C21090D00A6B5AA /* RecordsWithCoreData.xcdatamodeld */ = {
			isa = XCVersionGroup;
			children = (
				2A0301811C21090D00A6B5AA /* RecordsWithCoreData.xcdatamodel */,
			);
			currentVersion = 2A0301811C21090D00A6B5AA /* RecordsWithCoreData.xcdatamodel */;
			path = RecordsWithCoreData.xcdatamodeld;
			sourceTree = "<group>";
			versionGroupType = wrapper.xcdatamodel;
		};
/* End XCVersionGroup section */
	};
	rootObject = 2A8574B51BD37466008B55EC /* Project object */;
}
